
Microsoft Visual Studio Solution File, Format Version 12.00
# Visual Studio Version 17
VisualStudioVersion = 17.14.36121.58 d17.14
MinimumVisualStudioVersion = 10.0.40219.1
Project("{FAE04EC0-301F-11D3-BF4B-00C04F79EFBC}") = "KafkaWeather", "KafkaWeather\KafkaWeather.csproj", "{341FFD1C-8935-4ADA-8DA2-D65CF1C05700}"
EndProject
Global
	GlobalSection(SolutionConfigurationPlatforms) = preSolution
		Debug|Any CPU = Debug|Any CPU
		Release|Any CPU = Release|Any CPU
	EndGlobalSection
	GlobalSection(ProjectConfigurationPlatforms) = postSolution
		{341FFD1C-8935-4ADA-8DA2-D65CF1C05700}.Debug|Any CPU.ActiveCfg = Debug|Any CPU
		{341FFD1C-8935-4ADA-8DA2-D65CF1C05700}.Debug|Any CPU.Build.0 = Debug|Any CPU
		{341FFD1C-8935-4ADA-8DA2-D65CF1C05700}.Release|Any CPU.ActiveCfg = Release|Any CPU
		{341FFD1C-8935-4ADA-8DA2-D65CF1C05700}.Release|Any CPU.Build.0 = Release|Any CPU
	EndGlobalSection
	GlobalSection(SolutionProperties) = preSolution
		HideSolutionNode = FALSE
	EndGlobalSection
	GlobalSection(ExtensibilityGlobals) = postSolution
		SolutionGuid = {BA7308DD-8280-447E-88B8-0A2B8F32944D}
	EndGlobalSection
EndGlobal
